
Microsoft Visual Studio Solution File, Format Version 12.00
# Visual Studio Version 17
VisualStudioVersion = 17.4.33213.308
MinimumVisualStudioVersion = 10.0.40219.1
Project("{9A19103F-16F7-4668-BE54-9A1E7A4F7556}") = "SWD.SheritonHotel.API", "BE-SheritonHotel\SWD.SheritonHotel.API.csproj", "{12CE4F42-C610-4F72-8990-D56DBC60AA41}"
EndProject
Project("{9A19103F-16F7-4668-BE54-9A1E7A4F7556}") = "SWD.SheritonHotel.Data", "SWD.SheritonHotel.Data\SWD.SheritonHotel.Data.csproj", "{0F9AAB07-5477-4C39-B742-E23D918EF9F1}"
EndProject
Project("{9A19103F-16F7-4668-BE54-9A1E7A4F7556}") = "SWD.SheritonHotel.Domain", "SWD.SheritonHotel.Domain\SWD.SheritonHotel.Domain.csproj", "{13BB65BB-617C-460A-92CA-778B322B4AA1}"
EndProject
Project("{9A19103F-16F7-4668-BE54-9A1E7A4F7556}") = "SWD.SheritonHotel.Handlers", "SWD.SheritonHotel.Handlers\SWD.SheritonHotel.Handlers.csproj", "{77C17D5B-3689-4D4A-8422-12CFA33D5E4F}"
EndProject
Project("{9A19103F-16F7-4668-BE54-9A1E7A4F7556}") = "SWD.SheritonHotel.Services", "SWD.SheritonHotel.Services\SWD.SheritonHotel.Services.csproj", "{C3F56529-50EF-4D9C-8F3B-D49AB5DE8465}"
EndProject
Project("{FAE04EC0-301F-11D3-BF4B-00C04F79EFBC}") = "SWD.SheritonHotel.Validator", "SWD.SheritonHotel.Validator\SWD.SheritonHotel.Validator.csproj", "{D93418E4-1461-4FA2-9CF3-A8E3C8F1DFF5}"
EndProject
Global
	GlobalSection(SolutionConfigurationPlatforms) = preSolution
		Debug|Any CPU = Debug|Any CPU
		Release|Any CPU = Release|Any CPU
	EndGlobalSection
	GlobalSection(ProjectConfigurationPlatforms) = postSolution
		{12CE4F42-C610-4F72-8990-D56DBC60AA41}.Debug|Any CPU.ActiveCfg = Debug|Any CPU
		{12CE4F42-C610-4F72-8990-D56DBC60AA41}.Debug|Any CPU.Build.0 = Debug|Any CPU
		{12CE4F42-C610-4F72-8990-D56DBC60AA41}.Release|Any CPU.ActiveCfg = Release|Any CPU
		{12CE4F42-C610-4F72-8990-D56DBC60AA41}.Release|Any CPU.Build.0 = Release|Any CPU
		{0F9AAB07-5477-4C39-B742-E23D918EF9F1}.Debug|Any CPU.ActiveCfg = Debug|Any CPU
		{0F9AAB07-5477-4C39-B742-E23D918EF9F1}.Debug|Any CPU.Build.0 = Debug|Any CPU
		{0F9AAB07-5477-4C39-B742-E23D918EF9F1}.Release|Any CPU.ActiveCfg = Release|Any CPU
		{0F9AAB07-5477-4C39-B742-E23D918EF9F1}.Release|Any CPU.Build.0 = Release|Any CPU
		{13BB65BB-617C-460A-92CA-778B322B4AA1}.Debug|Any CPU.ActiveCfg = Debug|Any CPU
		{13BB65BB-617C-460A-92CA-778B322B4AA1}.Debug|Any CPU.Build.0 = Debug|Any CPU
		{13BB65BB-617C-460A-92CA-778B322B4AA1}.Release|Any CPU.ActiveCfg = Release|Any CPU
		{13BB65BB-617C-460A-92CA-778B322B4AA1}.Release|Any CPU.Build.0 = Release|Any CPU
		{77C17D5B-3689-4D4A-8422-12CFA33D5E4F}.Debug|Any CPU.ActiveCfg = Debug|Any CPU
		{77C17D5B-3689-4D4A-8422-12CFA33D5E4F}.Debug|Any CPU.Build.0 = Debug|Any CPU
		{77C17D5B-3689-4D4A-8422-12CFA33D5E4F}.Release|Any CPU.ActiveCfg = Release|Any CPU
		{77C17D5B-3689-4D4A-8422-12CFA33D5E4F}.Release|Any CPU.Build.0 = Release|Any CPU
		{C3F56529-50EF-4D9C-8F3B-D49AB5DE8465}.Debug|Any CPU.ActiveCfg = Debug|Any CPU
		{C3F56529-50EF-4D9C-8F3B-D49AB5DE8465}.Debug|Any CPU.Build.0 = Debug|Any CPU
		{C3F56529-50EF-4D9C-8F3B-D49AB5DE8465}.Release|Any CPU.ActiveCfg = Release|Any CPU
		{C3F56529-50EF-4D9C-8F3B-D49AB5DE8465}.Release|Any CPU.Build.0 = Release|Any CPU
		{D93418E4-1461-4FA2-9CF3-A8E3C8F1DFF5}.Debug|Any CPU.ActiveCfg = Debug|Any CPU
		{D93418E4-1461-4FA2-9CF3-A8E3C8F1DFF5}.Debug|Any CPU.Build.0 = Debug|Any CPU
		{D93418E4-1461-4FA2-9CF3-A8E3C8F1DFF5}.Release|Any CPU.ActiveCfg = Release|Any CPU
		{D93418E4-1461-4FA2-9CF3-A8E3C8F1DFF5}.Release|Any CPU.Build.0 = Release|Any CPU
	EndGlobalSection
	GlobalSection(SolutionProperties) = preSolution
		HideSolutionNode = FALSE
	EndGlobalSection
	GlobalSection(ExtensibilityGlobals) = postSolution
		SolutionGuid = {3ED996BE-7E95-48B7-8EB1-3787C9A9F2C5}
	EndGlobalSection
EndGlobal
